
Microsoft Visual Studio Solution File, Format Version 12.00
# Visual Studio 2012
Project("{FAE04EC0-301F-11D3-BF4B-00C04F79EFBC}") = "CodeCamper.Web", "CodeCamper.Web\CodeCamper.Web.csproj", "{65069956-3FE6-469F-973D-DD130208A950}"
EndProject
Project("{FAE04EC0-301F-11D3-BF4B-00C04F79EFBC}") = "CodeCamper.Data", "CodeCamper.Data\CodeCamper.Data.csproj", "{8F9DE3D4-0FFE-4D9B-9600-A00EFCD96E4D}"
EndProject
Project("{FAE04EC0-301F-11D3-BF4B-00C04F79EFBC}") = "CodeCamper.Model", "CodeCamper.Model\CodeCamper.Model.csproj", "{80D7DB5E-6236-4EF0-8728-324FE9598169}"
EndProject
Global
	GlobalSection(SolutionConfigurationPlatforms) = preSolution
		Debug|Any CPU = Debug|Any CPU
		Release|Any CPU = Release|Any CPU
	EndGlobalSection
	GlobalSection(ProjectConfigurationPlatforms) = postSolution
		{65069956-3FE6-469F-973D-DD130208A950}.Debug|Any CPU.ActiveCfg = Debug|Any CPU
		{65069956-3FE6-469F-973D-DD130208A950}.Debug|Any CPU.Build.0 = Debug|Any CPU
		{65069956-3FE6-469F-973D-DD130208A950}.Release|Any CPU.ActiveCfg = Release|Any CPU
		{65069956-3FE6-469F-973D-DD130208A950}.Release|Any CPU.Build.0 = Release|Any CPU
		{80D7DB5E-6236-4EF0-8728-324FE9598169}.Debug|Any CPU.ActiveCfg = Debug|Any CPU
		{80D7DB5E-6236-4EF0-8728-324FE9598169}.Debug|Any CPU.Build.0 = Debug|Any CPU
		{80D7DB5E-6236-4EF0-8728-324FE9598169}.Release|Any CPU.ActiveCfg = Release|Any CPU
		{80D7DB5E-6236-4EF0-8728-324FE9598169}.Release|Any CPU.Build.0 = Release|Any CPU
		{8F9DE3D4-0FFE-4D9B-9600-A00EFCD96E4D}.Debug|Any CPU.ActiveCfg = Debug|Any CPU
		{8F9DE3D4-0FFE-4D9B-9600-A00EFCD96E4D}.Debug|Any CPU.Build.0 = Debug|Any CPU
		{8F9DE3D4-0FFE-4D9B-9600-A00EFCD96E4D}.Release|Any CPU.ActiveCfg = Release|Any CPU
		{8F9DE3D4-0FFE-4D9B-9600-A00EFCD96E4D}.Release|Any CPU.Build.0 = Release|Any CPU
	EndGlobalSection
	GlobalSection(SolutionProperties) = preSolution
		HideSolutionNode = FALSE
	EndGlobalSection
EndGlobal
